
Microsoft Visual Studio Solution File, Format Version 12.00
# Visual Studio Version 17
VisualStudioVersion = 17.6.33712.159
MinimumVisualStudioVersion = 10.0.40219.1
Project("{9A19103F-16F7-4668-BE54-9A1E7A4F7556}") = "Trip.Domain", "Trip.Domain\Trip.Domain.csproj", "{BC8CAACB-17DE-4342-9A8F-A1854A3B13B4}"
EndProject
Project("{2150E333-8FDC-42A3-9474-1A3956D46DE8}") = "Core", "Core", "{5D78AD9E-F0C9-43C5-9F2E-2295C956FF2C}"
EndProject
Project("{9A19103F-16F7-4668-BE54-9A1E7A4F7556}") = "Trip.Repos", "Trip.Repos\Trip.Repos.csproj", "{0914EDAF-3084-42B3-9BFE-78AD93C2C085}"
EndProject
Project("{9A19103F-16F7-4668-BE54-9A1E7A4F7556}") = "Trip.Services", "Trip.Services\Trip.Services.csproj", "{431C01EE-8767-4CB8-A2B9-ED6B4CF54E8A}"
EndProject
Project("{2150E333-8FDC-42A3-9474-1A3956D46DE8}") = "Infrastructure", "Infrastructure", "{902B325D-DC2E-4797-B5B3-9582DAA56F04}"
EndProject
Project("{2150E333-8FDC-42A3-9474-1A3956D46DE8}") = "Presentation", "Presentation", "{88B198DF-1651-4AD4-B75B-ABE94DC482C1}"
EndProject
Project("{2150E333-8FDC-42A3-9474-1A3956D46DE8}") = "Tests", "Tests", "{656191C4-F8E7-46E9-8B03-AB538BEAF66C}"
EndProject
Project("{9A19103F-16F7-4668-BE54-9A1E7A4F7556}") = "Trip.Tests", "Trip.Tests\Trip.Tests.csproj", "{E68080DE-2BF5-4645-867F-519C732F3802}"
EndProject
Project("{9A19103F-16F7-4668-BE54-9A1E7A4F7556}") = "Trip.Database", "Trip.Database\Trip.Database.csproj", "{D71F4F9F-02AA-46DA-A0AF-905870F6DA8A}"
EndProject
Project("{9A19103F-16F7-4668-BE54-9A1E7A4F7556}") = "Trip.ConsoleApp", "Trip.ConsoleApp\Trip.ConsoleApp.csproj", "{5DB0DCA3-BD96-4020-9160-ED17831A1E63}"
EndProject
Project("{9A19103F-16F7-4668-BE54-9A1E7A4F7556}") = "Trip.App", "Trip.Appl\Trip.App.csproj", "{499033D7-F148-40FA-9D4E-B8AA513A4154}"
EndProject
Global
	GlobalSection(SolutionConfigurationPlatforms) = preSolution
		Debug|Any CPU = Debug|Any CPU
		Debug|ARM64 = Debug|ARM64
		Debug|x64 = Debug|x64
		Debug|x86 = Debug|x86
		Release|Any CPU = Release|Any CPU
		Release|ARM64 = Release|ARM64
		Release|x64 = Release|x64
		Release|x86 = Release|x86
	EndGlobalSection
	GlobalSection(ProjectConfigurationPlatforms) = postSolution
		{BC8CAACB-17DE-4342-9A8F-A1854A3B13B4}.Debug|Any CPU.ActiveCfg = Debug|Any CPU
		{BC8CAACB-17DE-4342-9A8F-A1854A3B13B4}.Debug|Any CPU.Build.0 = Debug|Any CPU
		{BC8CAACB-17DE-4342-9A8F-A1854A3B13B4}.Debug|ARM64.ActiveCfg = Debug|Any CPU
		{BC8CAACB-17DE-4342-9A8F-A1854A3B13B4}.Debug|ARM64.Build.0 = Debug|Any CPU
		{BC8CAACB-17DE-4342-9A8F-A1854A3B13B4}.Debug|x64.ActiveCfg = Debug|Any CPU
		{BC8CAACB-17DE-4342-9A8F-A1854A3B13B4}.Debug|x64.Build.0 = Debug|Any CPU
		{BC8CAACB-17DE-4342-9A8F-A1854A3B13B4}.Debug|x86.ActiveCfg = Debug|Any CPU
		{BC8CAACB-17DE-4342-9A8F-A1854A3B13B4}.Debug|x86.Build.0 = Debug|Any CPU
		{BC8CAACB-17DE-4342-9A8F-A1854A3B13B4}.Release|Any CPU.ActiveCfg = Release|Any CPU
		{BC8CAACB-17DE-4342-9A8F-A1854A3B13B4}.Release|Any CPU.Build.0 = Release|Any CPU
		{BC8CAACB-17DE-4342-9A8F-A1854A3B13B4}.Release|ARM64.ActiveCfg = Release|Any CPU
		{BC8CAACB-17DE-4342-9A8F-A1854A3B13B4}.Release|ARM64.Build.0 = Release|Any CPU
		{BC8CAACB-17DE-4342-9A8F-A1854A3B13B4}.Release|x64.ActiveCfg = Release|Any CPU
		{BC8CAACB-17DE-4342-9A8F-A1854A3B13B4}.Release|x64.Build.0 = Release|Any CPU
		{BC8CAACB-17DE-4342-9A8F-A1854A3B13B4}.Release|x86.ActiveCfg = Release|Any CPU
		{BC8CAACB-17DE-4342-9A8F-A1854A3B13B4}.Release|x86.Build.0 = Release|Any CPU
		{0914EDAF-3084-42B3-9BFE-78AD93C2C085}.Debug|Any CPU.ActiveCfg = Debug|Any CPU
		{0914EDAF-3084-42B3-9BFE-78AD93C2C085}.Debug|Any CPU.Build.0 = Debug|Any CPU
		{0914EDAF-3084-42B3-9BFE-78AD93C2C085}.Debug|ARM64.ActiveCfg = Debug|Any CPU
		{0914EDAF-3084-42B3-9BFE-78AD93C2C085}.Debug|ARM64.Build.0 = Debug|Any CPU
		{0914EDAF-3084-42B3-9BFE-78AD93C2C085}.Debug|x64.ActiveCfg = Debug|Any CPU
		{0914EDAF-3084-42B3-9BFE-78AD93C2C085}.Debug|x64.Build.0 = Debug|Any CPU
		{0914EDAF-3084-42B3-9BFE-78AD93C2C085}.Debug|x86.ActiveCfg = Debug|Any CPU
		{0914EDAF-3084-42B3-9BFE-78AD93C2C085}.Debug|x86.Build.0 = Debug|Any CPU
		{0914EDAF-3084-42B3-9BFE-78AD93C2C085}.Release|Any CPU.ActiveCfg = Release|Any CPU
		{0914EDAF-3084-42B3-9BFE-78AD93C2C085}.Release|Any CPU.Build.0 = Release|Any CPU
		{0914EDAF-3084-42B3-9BFE-78AD93C2C085}.Release|ARM64.ActiveCfg = Release|Any CPU
		{0914EDAF-3084-42B3-9BFE-78AD93C2C085}.Release|ARM64.Build.0 = Release|Any CPU
		{0914EDAF-3084-42B3-9BFE-78AD93C2C085}.Release|x64.ActiveCfg = Release|Any CPU
		{0914EDAF-3084-42B3-9BFE-78AD93C2C085}.Release|x64.Build.0 = Release|Any CPU
		{0914EDAF-3084-42B3-9BFE-78AD93C2C085}.Release|x86.ActiveCfg = Release|Any CPU
		{0914EDAF-3084-42B3-9BFE-78AD93C2C085}.Release|x86.Build.0 = Release|Any CPU
		{431C01EE-8767-4CB8-A2B9-ED6B4CF54E8A}.Debug|Any CPU.ActiveCfg = Debug|Any CPU
		{431C01EE-8767-4CB8-A2B9-ED6B4CF54E8A}.Debug|Any CPU.Build.0 = Debug|Any CPU
		{431C01EE-8767-4CB8-A2B9-ED6B4CF54E8A}.Debug|ARM64.ActiveCfg = Debug|Any CPU
		{431C01EE-8767-4CB8-A2B9-ED6B4CF54E8A}.Debug|ARM64.Build.0 = Debug|Any CPU
		{431C01EE-8767-4CB8-A2B9-ED6B4CF54E8A}.Debug|x64.ActiveCfg = Debug|Any CPU
		{431C01EE-8767-4CB8-A2B9-ED6B4CF54E8A}.Debug|x64.Build.0 = Debug|Any CPU
		{431C01EE-8767-4CB8-A2B9-ED6B4CF54E8A}.Debug|x86.ActiveCfg = Debug|Any CPU
		{431C01EE-8767-4CB8-A2B9-ED6B4CF54E8A}.Debug|x86.Build.0 = Debug|Any CPU
		{431C01EE-8767-4CB8-A2B9-ED6B4CF54E8A}.Release|Any CPU.ActiveCfg = Release|Any CPU
		{431C01EE-8767-4CB8-A2B9-ED6B4CF54E8A}.Release|Any CPU.Build.0 = Release|Any CPU
		{431C01EE-8767-4CB8-A2B9-ED6B4CF54E8A}.Release|ARM64.ActiveCfg = Release|Any CPU
		{431C01EE-8767-4CB8-A2B9-ED6B4CF54E8A}.Release|ARM64.Build.0 = Release|Any CPU
		{431C01EE-8767-4CB8-A2B9-ED6B4CF54E8A}.Release|x64.ActiveCfg = Release|Any CPU
		{431C01EE-8767-4CB8-A2B9-ED6B4CF54E8A}.Release|x64.Build.0 = Release|Any CPU
		{431C01EE-8767-4CB8-A2B9-ED6B4CF54E8A}.Release|x86.ActiveCfg = Release|Any CPU
		{431C01EE-8767-4CB8-A2B9-ED6B4CF54E8A}.Release|x86.Build.0 = Release|Any CPU
		{E68080DE-2BF5-4645-867F-519C732F3802}.Debug|Any CPU.ActiveCfg = Debug|Any CPU
		{E68080DE-2BF5-4645-867F-519C732F3802}.Debug|Any CPU.Build.0 = Debug|Any CPU
		{E68080DE-2BF5-4645-867F-519C732F3802}.Debug|ARM64.ActiveCfg = Debug|Any CPU
		{E68080DE-2BF5-4645-867F-519C732F3802}.Debug|ARM64.Build.0 = Debug|Any CPU
		{E68080DE-2BF5-4645-867F-519C732F3802}.Debug|x64.ActiveCfg = Debug|Any CPU
		{E68080DE-2BF5-4645-867F-519C732F3802}.Debug|x64.Build.0 = Debug|Any CPU
		{E68080DE-2BF5-4645-867F-519C732F3802}.Debug|x86.ActiveCfg = Debug|Any CPU
		{E68080DE-2BF5-4645-867F-519C732F3802}.Debug|x86.Build.0 = Debug|Any CPU
		{E68080DE-2BF5-4645-867F-519C732F3802}.Release|Any CPU.ActiveCfg = Release|Any CPU
		{E68080DE-2BF5-4645-867F-519C732F3802}.Release|Any CPU.Build.0 = Release|Any CPU
		{E68080DE-2BF5-4645-867F-519C732F3802}.Release|ARM64.ActiveCfg = Release|Any CPU
		{E68080DE-2BF5-4645-867F-519C732F3802}.Release|ARM64.Build.0 = Release|Any CPU
		{E68080DE-2BF5-4645-867F-519C732F3802}.Release|x64.ActiveCfg = Release|Any CPU
		{E68080DE-2BF5-4645-867F-519C732F3802}.Release|x64.Build.0 = Release|Any CPU
		{E68080DE-2BF5-4645-867F-519C732F3802}.Release|x86.ActiveCfg = Release|Any CPU
		{E68080DE-2BF5-4645-867F-519C732F3802}.Release|x86.Build.0 = Release|Any CPU
		{D71F4F9F-02AA-46DA-A0AF-905870F6DA8A}.Debug|Any CPU.ActiveCfg = Debug|Any CPU
		{D71F4F9F-02AA-46DA-A0AF-905870F6DA8A}.Debug|Any CPU.Build.0 = Debug|Any CPU
		{D71F4F9F-02AA-46DA-A0AF-905870F6DA8A}.Debug|ARM64.ActiveCfg = Debug|Any CPU
		{D71F4F9F-02AA-46DA-A0AF-905870F6DA8A}.Debug|ARM64.Build.0 = Debug|Any CPU
		{D71F4F9F-02AA-46DA-A0AF-905870F6DA8A}.Debug|x64.ActiveCfg = Debug|Any CPU
		{D71F4F9F-02AA-46DA-A0AF-905870F6DA8A}.Debug|x64.Build.0 = Debug|Any CPU
		{D71F4F9F-02AA-46DA-A0AF-905870F6DA8A}.Debug|x86.ActiveCfg = Debug|Any CPU
		{D71F4F9F-02AA-46DA-A0AF-905870F6DA8A}.Debug|x86.Build.0 = Debug|Any CPU
		{D71F4F9F-02AA-46DA-A0AF-905870F6DA8A}.Release|Any CPU.ActiveCfg = Release|Any CPU
		{D71F4F9F-02AA-46DA-A0AF-905870F6DA8A}.Release|Any CPU.Build.0 = Release|Any CPU
		{D71F4F9F-02AA-46DA-A0AF-905870F6DA8A}.Release|ARM64.ActiveCfg = Release|Any CPU
		{D71F4F9F-02AA-46DA-A0AF-905870F6DA8A}.Release|ARM64.Build.0 = Release|Any CPU
		{D71F4F9F-02AA-46DA-A0AF-905870F6DA8A}.Release|x64.ActiveCfg = Release|Any CPU
		{D71F4F9F-02AA-46DA-A0AF-905870F6DA8A}.Release|x64.Build.0 = Release|Any CPU
		{D71F4F9F-02AA-46DA-A0AF-905870F6DA8A}.Release|x86.ActiveCfg = Release|Any CPU
		{D71F4F9F-02AA-46DA-A0AF-905870F6DA8A}.Release|x86.Build.0 = Release|Any CPU
		{5DB0DCA3-BD96-4020-9160-ED17831A1E63}.Debug|Any CPU.ActiveCfg = Debug|Any CPU
		{5DB0DCA3-BD96-4020-9160-ED17831A1E63}.Debug|Any CPU.Build.0 = Debug|Any CPU
		{5DB0DCA3-BD96-4020-9160-ED17831A1E63}.Debug|ARM64.ActiveCfg = Debug|Any CPU
		{5DB0DCA3-BD96-4020-9160-ED17831A1E63}.Debug|ARM64.Build.0 = Debug|Any CPU
		{5DB0DCA3-BD96-4020-9160-ED17831A1E63}.Debug|x64.ActiveCfg = Debug|Any CPU
		{5DB0DCA3-BD96-4020-9160-ED17831A1E63}.Debug|x64.Build.0 = Debug|Any CPU
		{5DB0DCA3-BD96-4020-9160-ED17831A1E63}.Debug|x86.ActiveCfg = Debug|Any CPU
		{5DB0DCA3-BD96-4020-9160-ED17831A1E63}.Debug|x86.Build.0 = Debug|Any CPU
		{5DB0DCA3-BD96-4020-9160-ED17831A1E63}.Release|Any CPU.ActiveCfg = Release|Any CPU
		{5DB0DCA3-BD96-4020-9160-ED17831A1E63}.Release|Any CPU.Build.0 = Release|Any CPU
		{5DB0DCA3-BD96-4020-9160-ED17831A1E63}.Release|ARM64.ActiveCfg = Release|Any CPU
		{5DB0DCA3-BD96-4020-9160-ED17831A1E63}.Release|ARM64.Build.0 = Release|Any CPU
		{5DB0DCA3-BD96-4020-9160-ED17831A1E63}.Release|x64.ActiveCfg = Release|Any CPU
		{5DB0DCA3-BD96-4020-9160-ED17831A1E63}.Release|x64.Build.0 = Release|Any CPU
		{5DB0DCA3-BD96-4020-9160-ED17831A1E63}.Release|x86.ActiveCfg = Release|Any CPU
		{5DB0DCA3-BD96-4020-9160-ED17831A1E63}.Release|x86.Build.0 = Release|Any CPU
		{499033D7-F148-40FA-9D4E-B8AA513A4154}.Debug|Any CPU.ActiveCfg = Debug|Any CPU
		{499033D7-F148-40FA-9D4E-B8AA513A4154}.Debug|Any CPU.Build.0 = Debug|Any CPU
		{499033D7-F148-40FA-9D4E-B8AA513A4154}.Debug|ARM64.ActiveCfg = Debug|Any CPU
		{499033D7-F148-40FA-9D4E-B8AA513A4154}.Debug|ARM64.Build.0 = Debug|Any CPU
		{499033D7-F148-40FA-9D4E-B8AA513A4154}.Debug|x64.ActiveCfg = Debug|Any CPU
		{499033D7-F148-40FA-9D4E-B8AA513A4154}.Debug|x64.Build.0 = Debug|Any CPU
		{499033D7-F148-40FA-9D4E-B8AA513A4154}.Debug|x86.ActiveCfg = Debug|Any CPU
		{499033D7-F148-40FA-9D4E-B8AA513A4154}.Debug|x86.Build.0 = Debug|Any CPU
		{499033D7-F148-40FA-9D4E-B8AA513A4154}.Release|Any CPU.ActiveCfg = Release|Any CPU
		{499033D7-F148-40FA-9D4E-B8AA513A4154}.Release|Any CPU.Build.0 = Release|Any CPU
		{499033D7-F148-40FA-9D4E-B8AA513A4154}.Release|ARM64.ActiveCfg = Release|Any CPU
		{499033D7-F148-40FA-9D4E-B8AA513A4154}.Release|ARM64.Build.0 = Release|Any CPU
		{499033D7-F148-40FA-9D4E-B8AA513A4154}.Release|x64.ActiveCfg = Release|Any CPU
		{499033D7-F148-40FA-9D4E-B8AA513A4154}.Release|x64.Build.0 = Release|Any CPU
		{499033D7-F148-40FA-9D4E-B8AA513A4154}.Release|x86.ActiveCfg = Release|Any CPU
		{499033D7-F148-40FA-9D4E-B8AA513A4154}.Release|x86.Build.0 = Release|Any CPU
	EndGlobalSection
	GlobalSection(SolutionProperties) = preSolution
		HideSolutionNode = FALSE
	EndGlobalSection
	GlobalSection(NestedProjects) = preSolution
		{BC8CAACB-17DE-4342-9A8F-A1854A3B13B4} = {5D78AD9E-F0C9-43C5-9F2E-2295C956FF2C}
		{0914EDAF-3084-42B3-9BFE-78AD93C2C085} = {5D78AD9E-F0C9-43C5-9F2E-2295C956FF2C}
		{431C01EE-8767-4CB8-A2B9-ED6B4CF54E8A} = {5D78AD9E-F0C9-43C5-9F2E-2295C956FF2C}
		{E68080DE-2BF5-4645-867F-519C732F3802} = {656191C4-F8E7-46E9-8B03-AB538BEAF66C}
		{D71F4F9F-02AA-46DA-A0AF-905870F6DA8A} = {902B325D-DC2E-4797-B5B3-9582DAA56F04}
		{5DB0DCA3-BD96-4020-9160-ED17831A1E63} = {88B198DF-1651-4AD4-B75B-ABE94DC482C1}
		{499033D7-F148-40FA-9D4E-B8AA513A4154} = {88B198DF-1651-4AD4-B75B-ABE94DC482C1}
	EndGlobalSection
	GlobalSection(ExtensibilityGlobals) = postSolution
		SolutionGuid = {B8ED1544-027B-4660-991B-7D10E932FD5A}
	EndGlobalSection
EndGlobal
